
Microsoft Visual Studio Solution File, Format Version 12.00
# Visual Studio 15
VisualStudioVersion = 15.0.27130.2036
MinimumVisualStudioVersion = 10.0.40219.1
Project("{FAE04EC0-301F-11D3-BF4B-00C04F79EFBC}") = "ConsoleServer", "ConsoleServer\ConsoleServer.csproj", "{6BED2D22-9053-444C-A5E9-AC0EAE49C5B4}"
EndProject
Project("{2150E333-8FDC-42A3-9474-1A3956D46DE8}") = "Server", "Server", "{C04551CE-EFB8-461B-AD09-C65277DC34D4}"
EndProject
Project("{2150E333-8FDC-42A3-9474-1A3956D46DE8}") = "Tool", "Tool", "{643415F9-69EA-420F-8EB1-A0A055EBDBA7}"
EndProject
Project("{2150E333-8FDC-42A3-9474-1A3956D46DE8}") = "Shared", "Shared", "{CCB0AF90-4790-4102-B497-8C227DA32473}"
EndProject
Project("{FAE04EC0-301F-11D3-BF4B-00C04F79EFBC}") = "SocketLib", "SocketLib\SocketLib.csproj", "{F5201978-9DBB-43CE-8DA9-9B5578246F23}"
EndProject
Project("{FAE04EC0-301F-11D3-BF4B-00C04F79EFBC}") = "Packet", "Packet\Packet.csproj", "{1198D71E-9AB4-410E-BC22-B7D4AF0E3878}"
EndProject
Project("{2150E333-8FDC-42A3-9474-1A3956D46DE8}") = "Server", "Server", "{F7B43FAF-FDE1-40DF-9AF4-D3F05CB92F9A}"
EndProject
Project("{FAE04EC0-301F-11D3-BF4B-00C04F79EFBC}") = "GameServer", "GameServer\GameServer.csproj", "{3379F6D9-5F61-43F3-A082-95042BD00D32}"
EndProject
Project("{2150E333-8FDC-42A3-9474-1A3956D46DE8}") = "Client", "Client", "{15155DA7-BF30-4F40-9A99-72EC79ADD8F4}"
EndProject
Project("{FAE04EC0-301F-11D3-BF4B-00C04F79EFBC}") = "Client", "Client\Client.csproj", "{7CC55B35-1D0F-404E-B48D-2E2F264098CF}"
EndProject
Project("{FAE04EC0-301F-11D3-BF4B-00C04F79EFBC}") = "BaseObject", "GameObject\BaseObject.csproj", "{CAB1FBDD-98F6-44E1-A4EC-A88CABB52602}"
EndProject
Project("{FAE04EC0-301F-11D3-BF4B-00C04F79EFBC}") = "GuidGen", "GuidGen\GuidGen.csproj", "{E46F552C-D5BB-4721-B983-06D760DA85B6}"
EndProject
Project("{FAE04EC0-301F-11D3-BF4B-00C04F79EFBC}") = "HttpConnection", "HttpConnection\HttpConnection.csproj", "{1A230189-CEC6-43AB-BA95-D8C7F4ABAB9B}"
EndProject
Project("{FAE04EC0-301F-11D3-BF4B-00C04F79EFBC}") = "Logger", "Logger\Logger.csproj", "{982C37A1-8BFE-4556-A12F-BD17CFEFFE1F}"
EndProject
Project("{FAE04EC0-301F-11D3-BF4B-00C04F79EFBC}") = "Util", "Util\Util.csproj", "{35F3331B-959A-406F-8894-61339ECDBF6E}"
EndProject
Project("{FAE04EC0-301F-11D3-BF4B-00C04F79EFBC}") = "MetaData", "MetaData\MetaData.csproj", "{C32A833A-9234-43A6-AED9-86EBECC6F013}"
EndProject
Project("{2150E333-8FDC-42A3-9474-1A3956D46DE8}") = "StandardFile", "StandardFile", "{E97C68F9-028D-419B-B22F-B951556F8D54}"
	ProjectSection(SolutionItems) = preProject
		StandardFile\HttpDTO.cs = StandardFile\HttpDTO.cs
	EndProjectSection
EndProject
Global
	GlobalSection(SolutionConfigurationPlatforms) = preSolution
		Debug|Any CPU = Debug|Any CPU
		Release|Any CPU = Release|Any CPU
	EndGlobalSection
	GlobalSection(ProjectConfigurationPlatforms) = postSolution
		{6BED2D22-9053-444C-A5E9-AC0EAE49C5B4}.Debug|Any CPU.ActiveCfg = Debug|Any CPU
		{6BED2D22-9053-444C-A5E9-AC0EAE49C5B4}.Debug|Any CPU.Build.0 = Debug|Any CPU
		{6BED2D22-9053-444C-A5E9-AC0EAE49C5B4}.Release|Any CPU.ActiveCfg = Release|Any CPU
		{6BED2D22-9053-444C-A5E9-AC0EAE49C5B4}.Release|Any CPU.Build.0 = Release|Any CPU
		{F5201978-9DBB-43CE-8DA9-9B5578246F23}.Debug|Any CPU.ActiveCfg = Debug|Any CPU
		{F5201978-9DBB-43CE-8DA9-9B5578246F23}.Debug|Any CPU.Build.0 = Debug|Any CPU
		{F5201978-9DBB-43CE-8DA9-9B5578246F23}.Release|Any CPU.ActiveCfg = Release|Any CPU
		{F5201978-9DBB-43CE-8DA9-9B5578246F23}.Release|Any CPU.Build.0 = Release|Any CPU
		{1198D71E-9AB4-410E-BC22-B7D4AF0E3878}.Debug|Any CPU.ActiveCfg = Debug|Any CPU
		{1198D71E-9AB4-410E-BC22-B7D4AF0E3878}.Debug|Any CPU.Build.0 = Debug|Any CPU
		{1198D71E-9AB4-410E-BC22-B7D4AF0E3878}.Release|Any CPU.ActiveCfg = Release|Any CPU
		{1198D71E-9AB4-410E-BC22-B7D4AF0E3878}.Release|Any CPU.Build.0 = Release|Any CPU
		{3379F6D9-5F61-43F3-A082-95042BD00D32}.Debug|Any CPU.ActiveCfg = Debug|Any CPU
		{3379F6D9-5F61-43F3-A082-95042BD00D32}.Debug|Any CPU.Build.0 = Debug|Any CPU
		{3379F6D9-5F61-43F3-A082-95042BD00D32}.Release|Any CPU.ActiveCfg = Release|Any CPU
		{3379F6D9-5F61-43F3-A082-95042BD00D32}.Release|Any CPU.Build.0 = Release|Any CPU
		{7CC55B35-1D0F-404E-B48D-2E2F264098CF}.Debug|Any CPU.ActiveCfg = Debug|Any CPU
		{7CC55B35-1D0F-404E-B48D-2E2F264098CF}.Debug|Any CPU.Build.0 = Debug|Any CPU
		{7CC55B35-1D0F-404E-B48D-2E2F264098CF}.Release|Any CPU.ActiveCfg = Release|Any CPU
		{7CC55B35-1D0F-404E-B48D-2E2F264098CF}.Release|Any CPU.Build.0 = Release|Any CPU
		{CAB1FBDD-98F6-44E1-A4EC-A88CABB52602}.Debug|Any CPU.ActiveCfg = Debug|Any CPU
		{CAB1FBDD-98F6-44E1-A4EC-A88CABB52602}.Debug|Any CPU.Build.0 = Debug|Any CPU
		{CAB1FBDD-98F6-44E1-A4EC-A88CABB52602}.Release|Any CPU.ActiveCfg = Release|Any CPU
		{CAB1FBDD-98F6-44E1-A4EC-A88CABB52602}.Release|Any CPU.Build.0 = Release|Any CPU
		{E46F552C-D5BB-4721-B983-06D760DA85B6}.Debug|Any CPU.ActiveCfg = Debug|Any CPU
		{E46F552C-D5BB-4721-B983-06D760DA85B6}.Debug|Any CPU.Build.0 = Debug|Any CPU
		{E46F552C-D5BB-4721-B983-06D760DA85B6}.Release|Any CPU.ActiveCfg = Release|Any CPU
		{E46F552C-D5BB-4721-B983-06D760DA85B6}.Release|Any CPU.Build.0 = Release|Any CPU
		{1A230189-CEC6-43AB-BA95-D8C7F4ABAB9B}.Debug|Any CPU.ActiveCfg = Debug|Any CPU
		{1A230189-CEC6-43AB-BA95-D8C7F4ABAB9B}.Debug|Any CPU.Build.0 = Debug|Any CPU
		{1A230189-CEC6-43AB-BA95-D8C7F4ABAB9B}.Release|Any CPU.ActiveCfg = Release|Any CPU
		{1A230189-CEC6-43AB-BA95-D8C7F4ABAB9B}.Release|Any CPU.Build.0 = Release|Any CPU
		{982C37A1-8BFE-4556-A12F-BD17CFEFFE1F}.Debug|Any CPU.ActiveCfg = Debug|Any CPU
		{982C37A1-8BFE-4556-A12F-BD17CFEFFE1F}.Debug|Any CPU.Build.0 = Debug|Any CPU
		{982C37A1-8BFE-4556-A12F-BD17CFEFFE1F}.Release|Any CPU.ActiveCfg = Release|Any CPU
		{982C37A1-8BFE-4556-A12F-BD17CFEFFE1F}.Release|Any CPU.Build.0 = Release|Any CPU
		{35F3331B-959A-406F-8894-61339ECDBF6E}.Debug|Any CPU.ActiveCfg = Debug|Any CPU
		{35F3331B-959A-406F-8894-61339ECDBF6E}.Debug|Any CPU.Build.0 = Debug|Any CPU
		{35F3331B-959A-406F-8894-61339ECDBF6E}.Release|Any CPU.ActiveCfg = Release|Any CPU
		{35F3331B-959A-406F-8894-61339ECDBF6E}.Release|Any CPU.Build.0 = Release|Any CPU
		{C32A833A-9234-43A6-AED9-86EBECC6F013}.Debug|Any CPU.ActiveCfg = Debug|Any CPU
		{C32A833A-9234-43A6-AED9-86EBECC6F013}.Debug|Any CPU.Build.0 = Debug|Any CPU
		{C32A833A-9234-43A6-AED9-86EBECC6F013}.Release|Any CPU.ActiveCfg = Release|Any CPU
		{C32A833A-9234-43A6-AED9-86EBECC6F013}.Release|Any CPU.Build.0 = Release|Any CPU
	EndGlobalSection
	GlobalSection(SolutionProperties) = preSolution
		HideSolutionNode = FALSE
	EndGlobalSection
	GlobalSection(NestedProjects) = preSolution
		{6BED2D22-9053-444C-A5E9-AC0EAE49C5B4} = {C04551CE-EFB8-461B-AD09-C65277DC34D4}
		{C04551CE-EFB8-461B-AD09-C65277DC34D4} = {643415F9-69EA-420F-8EB1-A0A055EBDBA7}
		{F5201978-9DBB-43CE-8DA9-9B5578246F23} = {CCB0AF90-4790-4102-B497-8C227DA32473}
		{1198D71E-9AB4-410E-BC22-B7D4AF0E3878} = {CCB0AF90-4790-4102-B497-8C227DA32473}
		{3379F6D9-5F61-43F3-A082-95042BD00D32} = {F7B43FAF-FDE1-40DF-9AF4-D3F05CB92F9A}
		{7CC55B35-1D0F-404E-B48D-2E2F264098CF} = {15155DA7-BF30-4F40-9A99-72EC79ADD8F4}
		{CAB1FBDD-98F6-44E1-A4EC-A88CABB52602} = {CCB0AF90-4790-4102-B497-8C227DA32473}
		{E46F552C-D5BB-4721-B983-06D760DA85B6} = {CCB0AF90-4790-4102-B497-8C227DA32473}
		{1A230189-CEC6-43AB-BA95-D8C7F4ABAB9B} = {CCB0AF90-4790-4102-B497-8C227DA32473}
		{982C37A1-8BFE-4556-A12F-BD17CFEFFE1F} = {CCB0AF90-4790-4102-B497-8C227DA32473}
		{35F3331B-959A-406F-8894-61339ECDBF6E} = {CCB0AF90-4790-4102-B497-8C227DA32473}
		{C32A833A-9234-43A6-AED9-86EBECC6F013} = {CCB0AF90-4790-4102-B497-8C227DA32473}
		{E97C68F9-028D-419B-B22F-B951556F8D54} = {15155DA7-BF30-4F40-9A99-72EC79ADD8F4}
	EndGlobalSection
	GlobalSection(ExtensibilityGlobals) = postSolution
		SolutionGuid = {11C2CB4D-1D82-41C9-965F-7CFD5A95835E}
	EndGlobalSection
EndGlobal
