
Microsoft Visual Studio Solution File, Format Version 12.00
# Visual Studio 15
VisualStudioVersion = 15.0.27130.2024
MinimumVisualStudioVersion = 10.0.40219.1
Project("{FAE04EC0-301F-11D3-BF4B-00C04F79EFBC}") = "ConsoleServer", "ConsoleServer\ConsoleServer.csproj", "{6BED2D22-9053-444C-A5E9-AC0EAE49C5B4}"
EndProject
Project("{2150E333-8FDC-42A3-9474-1A3956D46DE8}") = "Util", "Util", "{13BB4F38-6512-4EE9-BB14-79B941C5163A}"
EndProject
Project("{2150E333-8FDC-42A3-9474-1A3956D46DE8}") = "Server", "Server", "{C04551CE-EFB8-461B-AD09-C65277DC34D4}"
EndProject
Project("{2150E333-8FDC-42A3-9474-1A3956D46DE8}") = "Tool", "Tool", "{643415F9-69EA-420F-8EB1-A0A055EBDBA7}"
EndProject
Project("{2150E333-8FDC-42A3-9474-1A3956D46DE8}") = "Shared", "Shared", "{CCB0AF90-4790-4102-B497-8C227DA32473}"
EndProject
Project("{FAE04EC0-301F-11D3-BF4B-00C04F79EFBC}") = "SocketLib", "SocketLib\SocketLib.csproj", "{F5201978-9DBB-43CE-8DA9-9B5578246F23}"
EndProject
Project("{FAE04EC0-301F-11D3-BF4B-00C04F79EFBC}") = "Packet", "Packet\Packet.csproj", "{1198D71E-9AB4-410E-BC22-B7D4AF0E3878}"
EndProject
Project("{2150E333-8FDC-42A3-9474-1A3956D46DE8}") = "ClientTool", "ClientTool", "{0AE0CCF9-738C-4891-95C7-8975591BB4B5}"
EndProject
Project("{2150E333-8FDC-42A3-9474-1A3956D46DE8}") = "Server", "Server", "{F7B43FAF-FDE1-40DF-9AF4-D3F05CB92F9A}"
EndProject
Project("{FAE04EC0-301F-11D3-BF4B-00C04F79EFBC}") = "GameServer", "GameServer\GameServer.csproj", "{3379F6D9-5F61-43F3-A082-95042BD00D32}"
EndProject
Project("{2150E333-8FDC-42A3-9474-1A3956D46DE8}") = "Client", "Client", "{15155DA7-BF30-4F40-9A99-72EC79ADD8F4}"
EndProject
Project("{FAE04EC0-301F-11D3-BF4B-00C04F79EFBC}") = "ClientTool", "ClientTool\ClientTool.csproj", "{1F0837AE-AF78-48C2-8AA8-8DE694D3614E}"
EndProject
Project("{FAE04EC0-301F-11D3-BF4B-00C04F79EFBC}") = "Client", "Client\Client.csproj", "{7CC55B35-1D0F-404E-B48D-2E2F264098CF}"
EndProject
Project("{FAE04EC0-301F-11D3-BF4B-00C04F79EFBC}") = "GameObject", "GameObject\GameObject.csproj", "{CAB1FBDD-98F6-44E1-A4EC-A88CABB52602}"
EndProject
Global
	GlobalSection(SolutionConfigurationPlatforms) = preSolution
		Debug|Any CPU = Debug|Any CPU
		Release|Any CPU = Release|Any CPU
	EndGlobalSection
	GlobalSection(ProjectConfigurationPlatforms) = postSolution
		{6BED2D22-9053-444C-A5E9-AC0EAE49C5B4}.Debug|Any CPU.ActiveCfg = Debug|Any CPU
		{6BED2D22-9053-444C-A5E9-AC0EAE49C5B4}.Debug|Any CPU.Build.0 = Debug|Any CPU
		{6BED2D22-9053-444C-A5E9-AC0EAE49C5B4}.Release|Any CPU.ActiveCfg = Release|Any CPU
		{6BED2D22-9053-444C-A5E9-AC0EAE49C5B4}.Release|Any CPU.Build.0 = Release|Any CPU
		{F5201978-9DBB-43CE-8DA9-9B5578246F23}.Debug|Any CPU.ActiveCfg = Debug|Any CPU
		{F5201978-9DBB-43CE-8DA9-9B5578246F23}.Debug|Any CPU.Build.0 = Debug|Any CPU
		{F5201978-9DBB-43CE-8DA9-9B5578246F23}.Release|Any CPU.ActiveCfg = Release|Any CPU
		{F5201978-9DBB-43CE-8DA9-9B5578246F23}.Release|Any CPU.Build.0 = Release|Any CPU
		{1198D71E-9AB4-410E-BC22-B7D4AF0E3878}.Debug|Any CPU.ActiveCfg = Debug|Any CPU
		{1198D71E-9AB4-410E-BC22-B7D4AF0E3878}.Debug|Any CPU.Build.0 = Debug|Any CPU
		{1198D71E-9AB4-410E-BC22-B7D4AF0E3878}.Release|Any CPU.ActiveCfg = Release|Any CPU
		{1198D71E-9AB4-410E-BC22-B7D4AF0E3878}.Release|Any CPU.Build.0 = Release|Any CPU
		{3379F6D9-5F61-43F3-A082-95042BD00D32}.Debug|Any CPU.ActiveCfg = Debug|Any CPU
		{3379F6D9-5F61-43F3-A082-95042BD00D32}.Debug|Any CPU.Build.0 = Debug|Any CPU
		{3379F6D9-5F61-43F3-A082-95042BD00D32}.Release|Any CPU.ActiveCfg = Release|Any CPU
		{3379F6D9-5F61-43F3-A082-95042BD00D32}.Release|Any CPU.Build.0 = Release|Any CPU
		{1F0837AE-AF78-48C2-8AA8-8DE694D3614E}.Debug|Any CPU.ActiveCfg = Debug|Any CPU
		{1F0837AE-AF78-48C2-8AA8-8DE694D3614E}.Debug|Any CPU.Build.0 = Debug|Any CPU
		{1F0837AE-AF78-48C2-8AA8-8DE694D3614E}.Release|Any CPU.ActiveCfg = Release|Any CPU
		{1F0837AE-AF78-48C2-8AA8-8DE694D3614E}.Release|Any CPU.Build.0 = Release|Any CPU
		{7CC55B35-1D0F-404E-B48D-2E2F264098CF}.Debug|Any CPU.ActiveCfg = Debug|Any CPU
		{7CC55B35-1D0F-404E-B48D-2E2F264098CF}.Debug|Any CPU.Build.0 = Debug|Any CPU
		{7CC55B35-1D0F-404E-B48D-2E2F264098CF}.Release|Any CPU.ActiveCfg = Release|Any CPU
		{7CC55B35-1D0F-404E-B48D-2E2F264098CF}.Release|Any CPU.Build.0 = Release|Any CPU
		{CAB1FBDD-98F6-44E1-A4EC-A88CABB52602}.Debug|Any CPU.ActiveCfg = Debug|Any CPU
		{CAB1FBDD-98F6-44E1-A4EC-A88CABB52602}.Debug|Any CPU.Build.0 = Debug|Any CPU
		{CAB1FBDD-98F6-44E1-A4EC-A88CABB52602}.Release|Any CPU.ActiveCfg = Release|Any CPU
		{CAB1FBDD-98F6-44E1-A4EC-A88CABB52602}.Release|Any CPU.Build.0 = Release|Any CPU
	EndGlobalSection
	GlobalSection(SolutionProperties) = preSolution
		HideSolutionNode = FALSE
	EndGlobalSection
	GlobalSection(NestedProjects) = preSolution
		{6BED2D22-9053-444C-A5E9-AC0EAE49C5B4} = {C04551CE-EFB8-461B-AD09-C65277DC34D4}
		{C04551CE-EFB8-461B-AD09-C65277DC34D4} = {643415F9-69EA-420F-8EB1-A0A055EBDBA7}
		{F5201978-9DBB-43CE-8DA9-9B5578246F23} = {CCB0AF90-4790-4102-B497-8C227DA32473}
		{1198D71E-9AB4-410E-BC22-B7D4AF0E3878} = {CCB0AF90-4790-4102-B497-8C227DA32473}
		{0AE0CCF9-738C-4891-95C7-8975591BB4B5} = {643415F9-69EA-420F-8EB1-A0A055EBDBA7}
		{3379F6D9-5F61-43F3-A082-95042BD00D32} = {F7B43FAF-FDE1-40DF-9AF4-D3F05CB92F9A}
		{1F0837AE-AF78-48C2-8AA8-8DE694D3614E} = {0AE0CCF9-738C-4891-95C7-8975591BB4B5}
		{7CC55B35-1D0F-404E-B48D-2E2F264098CF} = {15155DA7-BF30-4F40-9A99-72EC79ADD8F4}
		{CAB1FBDD-98F6-44E1-A4EC-A88CABB52602} = {CCB0AF90-4790-4102-B497-8C227DA32473}
	EndGlobalSection
	GlobalSection(ExtensibilityGlobals) = postSolution
		SolutionGuid = {11C2CB4D-1D82-41C9-965F-7CFD5A95835E}
	EndGlobalSection
EndGlobal
