
Microsoft Visual Studio Solution File, Format Version 12.00
# Visual Studio 15
VisualStudioVersion = 15.0.27130.2003
MinimumVisualStudioVersion = 10.0.40219.1
Project("{FAE04EC0-301F-11D3-BF4B-00C04F79EFBC}") = "ConsoleServer", "ConsoleServer\ConsoleServer.csproj", "{6BED2D22-9053-444C-A5E9-AC0EAE49C5B4}"
EndProject
Project("{2150E333-8FDC-42A3-9474-1A3956D46DE8}") = "Util", "Util", "{13BB4F38-6512-4EE9-BB14-79B941C5163A}"
EndProject
Project("{2150E333-8FDC-42A3-9474-1A3956D46DE8}") = "Server", "Server", "{C04551CE-EFB8-461B-AD09-C65277DC34D4}"
EndProject
Project("{2150E333-8FDC-42A3-9474-1A3956D46DE8}") = "Tool", "Tool", "{643415F9-69EA-420F-8EB1-A0A055EBDBA7}"
EndProject
Project("{2150E333-8FDC-42A3-9474-1A3956D46DE8}") = "NetworkShared", "NetworkShared", "{CCB0AF90-4790-4102-B497-8C227DA32473}"
EndProject
Project("{FAE04EC0-301F-11D3-BF4B-00C04F79EFBC}") = "SocketLib", "SocketLib\SocketLib.csproj", "{F5201978-9DBB-43CE-8DA9-9B5578246F23}"
EndProject
Project("{FAE04EC0-301F-11D3-BF4B-00C04F79EFBC}") = "Packet", "Packet\Packet.csproj", "{1198D71E-9AB4-410E-BC22-B7D4AF0E3878}"
EndProject
Project("{2150E333-8FDC-42A3-9474-1A3956D46DE8}") = "ClientTool", "ClientTool", "{0AE0CCF9-738C-4891-95C7-8975591BB4B5}"
EndProject
Project("{2150E333-8FDC-42A3-9474-1A3956D46DE8}") = "Console", "Console", "{2A3E01E6-860B-4520-9B47-D03B4F90A7CC}"
EndProject
Project("{FAE04EC0-301F-11D3-BF4B-00C04F79EFBC}") = "ConsoleClientTool", "ConsoleClientTool\ConsoleClientTool.csproj", "{D2E3B4CB-A55B-4207-8F13-A8DEF08FEED4}"
EndProject
Global
	GlobalSection(SolutionConfigurationPlatforms) = preSolution
		Debug|Any CPU = Debug|Any CPU
		Release|Any CPU = Release|Any CPU
	EndGlobalSection
	GlobalSection(ProjectConfigurationPlatforms) = postSolution
		{6BED2D22-9053-444C-A5E9-AC0EAE49C5B4}.Debug|Any CPU.ActiveCfg = Debug|Any CPU
		{6BED2D22-9053-444C-A5E9-AC0EAE49C5B4}.Debug|Any CPU.Build.0 = Debug|Any CPU
		{6BED2D22-9053-444C-A5E9-AC0EAE49C5B4}.Release|Any CPU.ActiveCfg = Release|Any CPU
		{6BED2D22-9053-444C-A5E9-AC0EAE49C5B4}.Release|Any CPU.Build.0 = Release|Any CPU
		{F5201978-9DBB-43CE-8DA9-9B5578246F23}.Debug|Any CPU.ActiveCfg = Debug|Any CPU
		{F5201978-9DBB-43CE-8DA9-9B5578246F23}.Debug|Any CPU.Build.0 = Debug|Any CPU
		{F5201978-9DBB-43CE-8DA9-9B5578246F23}.Release|Any CPU.ActiveCfg = Release|Any CPU
		{F5201978-9DBB-43CE-8DA9-9B5578246F23}.Release|Any CPU.Build.0 = Release|Any CPU
		{1198D71E-9AB4-410E-BC22-B7D4AF0E3878}.Debug|Any CPU.ActiveCfg = Debug|Any CPU
		{1198D71E-9AB4-410E-BC22-B7D4AF0E3878}.Debug|Any CPU.Build.0 = Debug|Any CPU
		{1198D71E-9AB4-410E-BC22-B7D4AF0E3878}.Release|Any CPU.ActiveCfg = Release|Any CPU
		{1198D71E-9AB4-410E-BC22-B7D4AF0E3878}.Release|Any CPU.Build.0 = Release|Any CPU
		{D2E3B4CB-A55B-4207-8F13-A8DEF08FEED4}.Debug|Any CPU.ActiveCfg = Debug|Any CPU
		{D2E3B4CB-A55B-4207-8F13-A8DEF08FEED4}.Debug|Any CPU.Build.0 = Debug|Any CPU
		{D2E3B4CB-A55B-4207-8F13-A8DEF08FEED4}.Release|Any CPU.ActiveCfg = Release|Any CPU
		{D2E3B4CB-A55B-4207-8F13-A8DEF08FEED4}.Release|Any CPU.Build.0 = Release|Any CPU
	EndGlobalSection
	GlobalSection(SolutionProperties) = preSolution
		HideSolutionNode = FALSE
	EndGlobalSection
	GlobalSection(NestedProjects) = preSolution
		{6BED2D22-9053-444C-A5E9-AC0EAE49C5B4} = {C04551CE-EFB8-461B-AD09-C65277DC34D4}
		{F5201978-9DBB-43CE-8DA9-9B5578246F23} = {CCB0AF90-4790-4102-B497-8C227DA32473}
		{1198D71E-9AB4-410E-BC22-B7D4AF0E3878} = {CCB0AF90-4790-4102-B497-8C227DA32473}
		{2A3E01E6-860B-4520-9B47-D03B4F90A7CC} = {0AE0CCF9-738C-4891-95C7-8975591BB4B5}
		{D2E3B4CB-A55B-4207-8F13-A8DEF08FEED4} = {2A3E01E6-860B-4520-9B47-D03B4F90A7CC}
	EndGlobalSection
	GlobalSection(ExtensibilityGlobals) = postSolution
		SolutionGuid = {11C2CB4D-1D82-41C9-965F-7CFD5A95835E}
	EndGlobalSection
EndGlobal
